
Microsoft Visual Studio Solution File, Format Version 12.00
Project("{FAE04EC0-301F-11D3-BF4B-00C04F79EFBC}") = "Laba5", "Laba5\Laba5.csproj", "{1C4904C5-9946-4861-A1D1-BDE6F4A499E6}"
EndProject
Global
	GlobalSection(SolutionConfigurationPlatforms) = preSolution
		Debug|Any CPU = Debug|Any CPU
		Release|Any CPU = Release|Any CPU
	EndGlobalSection
	GlobalSection(ProjectConfigurationPlatforms) = postSolution
		{1C4904C5-9946-4861-A1D1-BDE6F4A499E6}.Debug|Any CPU.ActiveCfg = Debug|Any CPU
		{1C4904C5-9946-4861-A1D1-BDE6F4A499E6}.Debug|Any CPU.Build.0 = Debug|Any CPU
		{1C4904C5-9946-4861-A1D1-BDE6F4A499E6}.Release|Any CPU.ActiveCfg = Release|Any CPU
		{1C4904C5-9946-4861-A1D1-BDE6F4A499E6}.Release|Any CPU.Build.0 = Release|Any CPU
	EndGlobalSection
EndGlobal
